
Microsoft Visual Studio Solution File, Format Version 12.00
# Visual Studio Version 16
VisualStudioVersion = 16.0.30503.244
MinimumVisualStudioVersion = 10.0.40219.1
Project("{FAE04EC0-301F-11D3-BF4B-00C04F79EFBC}") = "BS-23-PracticalTest", "BS-23-PracticalTest\BS-23-PracticalTest.csproj", "{37C77433-17CA-4EB1-AE9D-1D1F3E5AC8DF}"
EndProject
Global
	GlobalSection(SolutionConfigurationPlatforms) = preSolution
		Debug|Any CPU = Debug|Any CPU
		Release|Any CPU = Release|Any CPU
	EndGlobalSection
	GlobalSection(ProjectConfigurationPlatforms) = postSolution
		{37C77433-17CA-4EB1-AE9D-1D1F3E5AC8DF}.Debug|Any CPU.ActiveCfg = Debug|Any CPU
		{37C77433-17CA-4EB1-AE9D-1D1F3E5AC8DF}.Debug|Any CPU.Build.0 = Debug|Any CPU
		{37C77433-17CA-4EB1-AE9D-1D1F3E5AC8DF}.Release|Any CPU.ActiveCfg = Release|Any CPU
		{37C77433-17CA-4EB1-AE9D-1D1F3E5AC8DF}.Release|Any CPU.Build.0 = Release|Any CPU
	EndGlobalSection
	GlobalSection(SolutionProperties) = preSolution
		HideSolutionNode = FALSE
	EndGlobalSection
	GlobalSection(ExtensibilityGlobals) = postSolution
		SolutionGuid = {51CF58AC-7F5A-412D-B1B5-A34F1A9EA1F1}
	EndGlobalSection
EndGlobal
